<?xml version="1.0" encoding="utf-8"?>
<Project ToolsVersion="4.0" xmlns="http://schemas.microsoft.com/developer/msbuild/2003">
  <ItemGroup>
    <Filter Include="源文件">
      <UniqueIdentifier>{4FC737F1-C7A5-4376-A066-2A32D752A2FF}</UniqueIdentifier>
      <Extensions>cpp;c;cc;cxx;def;odl;idl;hpj;bat;asm;asmx</Extensions>
    </Filter>
    <Filter Include="头文件">
      <UniqueIdentifier>{93995380-89BD-4b04-88EB-625FBE52EBFB}</UniqueIdentifier>
      <Extensions>h;hh;hpp;hxx;hm;inl;inc;xsd</Extensions>
    </Filter>
    <Filter Include="资源文件">
      <UniqueIdentifier>{67DA6AB6-F800-4c08-8B7A-83BB121AAD01}</UniqueIdentifier>
      <Extensions>rc;ico;cur;bmp;dlg;rc2;rct;bin;rgs;gif;jpg;jpeg;jpe;resx;tiff;tif;png;wav;mfcribbon-ms</Extensions>
    </Filter>
  </ItemGroup>
  <ItemGroup>
    <ClInclude Include="..\..\..\..\workspace\memcached-1.2.8\memcached-1.2.8\assoc.h">
      <Filter>头文件</Filter>
    </ClInclude>
    <ClInclude Include="..\..\..\..\workspace\memcached-1.2.8\memcached-1.2.8\items.h">
      <Filter>头文件</Filter>
    </ClInclude>
    <ClInclude Include="..\..\..\..\workspace\memcached-1.2.8\memcached-1.2.8\memcached.h">
      <Filter>头文件</Filter>
    </ClInclude>
    <ClInclude Include="..\..\..\..\workspace\memcached-1.2.8\memcached-1.2.8\memcached_dtrace.h">
      <Filter>头文件</Filter>
    </ClInclude>
    <ClInclude Include="..\..\..\..\workspace\memcached-1.2.8\memcached-1.2.8\slabs.h">
      <Filter>头文件</Filter>
    </ClInclude>
    <ClInclude Include="..\..\..\..\workspace\memcached-1.2.8\memcached-1.2.8\stats.h">
      <Filter>头文件</Filter>
    </ClInclude>
  </ItemGroup>
  <ItemGroup>
    <ClCompile Include="..\..\..\..\workspace\memcached-1.2.8\memcached-1.2.8\assoc.c">
      <Filter>源文件</Filter>
    </ClCompile>
    <ClCompile Include="..\..\..\..\workspace\memcached-1.2.8\memcached-1.2.8\daemon.c">
      <Filter>源文件</Filter>
    </ClCompile>
    <ClCompile Include="..\..\..\..\workspace\memcached-1.2.8\memcached-1.2.8\items.c">
      <Filter>源文件</Filter>
    </ClCompile>
    <ClCompile Include="..\..\..\..\workspace\memcached-1.2.8\memcached-1.2.8\memcached.c">
      <Filter>源文件</Filter>
    </ClCompile>
    <ClCompile Include="..\..\..\..\workspace\memcached-1.2.8\memcached-1.2.8\slabs.c">
      <Filter>源文件</Filter>
    </ClCompile>
    <ClCompile Include="..\..\..\..\workspace\memcached-1.2.8\memcached-1.2.8\stats.c">
      <Filter>源文件</Filter>
    </ClCompile>
    <ClCompile Include="..\..\..\..\workspace\memcached-1.2.8\memcached-1.2.8\thread.c">
      <Filter>源文件</Filter>
    </ClCompile>
  </ItemGroup>
  <ItemGroup>
    <None Include="..\..\..\..\workspace\memcached-1.2.8\memcached-1.2.8\configure.ac">
      <Filter>资源文件</Filter>
    </None>
    <None Include="..\..\..\..\workspace\memcached-1.2.8\memcached-1.2.8\Makefile.am">
      <Filter>资源文件</Filter>
    </None>
    <None Include="..\..\..\..\workspace\memcached-1.2.8\memcached-1.2.8\memcached_dtrace.d">
      <Filter>资源文件</Filter>
    </None>
    <None Include="..\..\..\..\workspace\memcached-1.2.8\memcached-1.2.8\config.guess">
      <Filter>资源文件</Filter>
    </None>
    <None Include="..\..\..\..\workspace\memcached-1.2.8\memcached-1.2.8\config.h.in">
      <Filter>资源文件</Filter>
    </None>
    <None Include="..\..\..\..\workspace\memcached-1.2.8\memcached-1.2.8\Makefile.in">
      <Filter>资源文件</Filter>
    </None>
    <None Include="..\..\..\..\workspace\memcached-1.2.8\memcached-1.2.8\config.sub">
      <Filter>资源文件</Filter>
    </None>
    <None Include="..\..\..\..\workspace\memcached-1.2.8\memcached-1.2.8\aclocal.m4">
      <Filter>资源文件</Filter>
    </None>
    <None Include="..\..\..\..\workspace\memcached-1.2.8\memcached-1.2.8\memcached.spec">
      <Filter>资源文件</Filter>
    </None>
    <None Include="..\..\..\..\workspace\memcached-1.2.8\memcached-1.2.8\AUTHORS">
      <Filter>资源文件</Filter>
    </None>
    <None Include="..\..\..\..\workspace\memcached-1.2.8\memcached-1.2.8\ChangeLog">
      <Filter>资源文件</Filter>
    </None>
    <None Include="..\..\..\..\workspace\memcached-1.2.8\memcached-1.2.8\compile">
      <Filter>资源文件</Filter>
    </None>
    <None Include="..\..\..\..\workspace\memcached-1.2.8\memcached-1.2.8\configure">
      <Filter>资源文件</Filter>
    </None>
    <None Include="..\..\..\..\workspace\memcached-1.2.8\memcached-1.2.8\COPYING">
      <Filter>资源文件</Filter>
    </None>
    <None Include="..\..\..\..\workspace\memcached-1.2.8\memcached-1.2.8\depcomp">
      <Filter>资源文件</Filter>
    </None>
    <None Include="..\..\..\..\workspace\memcached-1.2.8\memcached-1.2.8\install-sh">
      <Filter>资源文件</Filter>
    </None>
    <None Include="..\..\..\..\workspace\memcached-1.2.8\memcached-1.2.8\missing">
      <Filter>资源文件</Filter>
    </None>
    <None Include="..\..\..\..\workspace\memcached-1.2.8\memcached-1.2.8\NEWS">
      <Filter>资源文件</Filter>
    </None>
    <None Include="..\..\..\..\workspace\memcached-1.2.8\memcached-1.2.8\README">
      <Filter>资源文件</Filter>
    </None>
    <None Include="..\..\..\..\workspace\memcached-1.2.8\memcached-1.2.8\TODO">
      <Filter>资源文件</Filter>
    </None>
  </ItemGroup>
</Project>